// !$*UTF8*$!
{
	archiveVersion = 1;
	classes = {
	};
	objectVersion = 56;
	objects = {

/* Begin PBXBuildFile section */
		521C499A2860B2E800AA661E /* mockAMD.json in Resources */ = {isa = PBXBuildFile; fileRef = 521C49972860B2E800AA661E /* mockAMD.json */; };
		521C499B2860B2E800AA661E /* mockIBM.json in Resources */ = {isa = PBXBuildFile; fileRef = 521C49982860B2E800AA661E /* mockIBM.json */; };
		521C499C2860B2E800AA661E /* mockMSFT.json in Resources */ = {isa = PBXBuildFile; fileRef = 521C49992860B2E800AA661E /* mockMSFT.json */; };
		521C499E2861111E00AA661E /* PriceAnnotation.swift in Sources */ = {isa = PBXBuildFile; fileRef = 521C499D2861111E00AA661E /* PriceAnnotation.swift */; };
		5222B7AF285F32D700B21781 /* mockAAPL.json in Resources */ = {isa = PBXBuildFile; fileRef = 5222B7AE285F32D700B21781 /* mockAAPL.json */; };
		526185BF285224D900F2C9B4 /* QuotesResponse.swift in Sources */ = {isa = PBXBuildFile; fileRef = 526185BE285224D900F2C9B4 /* QuotesResponse.swift */; };
		52E552DD2854CACD00CF4CC0 /* QuotesChart.swift in Sources */ = {isa = PBXBuildFile; fileRef = 52E552DC2854CACD00CF4CC0 /* QuotesChart.swift */; };
		52E552E12854DB4800CF4CC0 /* StockData.swift in Sources */ = {isa = PBXBuildFile; fileRef = 52E552E02854DB4800CF4CC0 /* StockData.swift */; };
		52E552E32854E18700CF4CC0 /* CandleStickMark.swift in Sources */ = {isa = PBXBuildFile; fileRef = 52E552E22854E18700CF4CC0 /* CandleStickMark.swift */; };
		52E552E62854EB0C00CF4CC0 /* PriceChart.swift in Sources */ = {isa = PBXBuildFile; fileRef = 52E552E52854EB0C00CF4CC0 /* PriceChart.swift */; };
		52F269D028500D2B0014FB16 /* CharterApp.swift in Sources */ = {isa = PBXBuildFile; fileRef = 52F269CF28500D2B0014FB16 /* CharterApp.swift */; };
		52F269D228500D2B0014FB16 /* StocksView.swift in Sources */ = {isa = PBXBuildFile; fileRef = 52F269D128500D2B0014FB16 /* StocksView.swift */; };
		52F269D428500D310014FB16 /* Assets.xcassets in Resources */ = {isa = PBXBuildFile; fileRef = 52F269D328500D310014FB16 /* Assets.xcassets */; };
		52F269D728500D310014FB16 /* Preview Assets.xcassets in Resources */ = {isa = PBXBuildFile; fileRef = 52F269D628500D310014FB16 /* Preview Assets.xcassets */; };
/* End PBXBuildFile section */

/* Begin PBXFileReference section */
		521C49972860B2E800AA661E /* mockAMD.json */ = {isa = PBXFileReference; fileEncoding = 4; lastKnownFileType = text.json; path = mockAMD.json; sourceTree = "<group>"; };
		521C49982860B2E800AA661E /* mockIBM.json */ = {isa = PBXFileReference; fileEncoding = 4; lastKnownFileType = text.json; path = mockIBM.json; sourceTree = "<group>"; };
		521C49992860B2E800AA661E /* mockMSFT.json */ = {isa = PBXFileReference; fileEncoding = 4; lastKnownFileType = text.json; path = mockMSFT.json; sourceTree = "<group>"; };
		521C499D2861111E00AA661E /* PriceAnnotation.swift */ = {isa = PBXFileReference; lastKnownFileType = sourcecode.swift; path = PriceAnnotation.swift; sourceTree = "<group>"; };
		5222B7AE285F32D700B21781 /* mockAAPL.json */ = {isa = PBXFileReference; fileEncoding = 4; lastKnownFileType = text.json; path = mockAAPL.json; sourceTree = "<group>"; };
		526185BE285224D900F2C9B4 /* QuotesResponse.swift */ = {isa = PBXFileReference; lastKnownFileType = sourcecode.swift; path = QuotesResponse.swift; sourceTree = "<group>"; };
		52E552DC2854CACD00CF4CC0 /* QuotesChart.swift */ = {isa = PBXFileReference; lastKnownFileType = sourcecode.swift; path = QuotesChart.swift; sourceTree = "<group>"; };
		52E552E02854DB4800CF4CC0 /* StockData.swift */ = {isa = PBXFileReference; lastKnownFileType = sourcecode.swift; path = StockData.swift; sourceTree = "<group>"; };
		52E552E22854E18700CF4CC0 /* CandleStickMark.swift */ = {isa = PBXFileReference; lastKnownFileType = sourcecode.swift; path = CandleStickMark.swift; sourceTree = "<group>"; };
		52E552E52854EB0C00CF4CC0 /* PriceChart.swift */ = {isa = PBXFileReference; lastKnownFileType = sourcecode.swift; path = PriceChart.swift; sourceTree = "<group>"; };
		52F269CC28500D2B0014FB16 /* Charter.app */ = {isa = PBXFileReference; explicitFileType = wrapper.application; includeInIndex = 0; path = Charter.app; sourceTree = BUILT_PRODUCTS_DIR; };
		52F269CF28500D2B0014FB16 /* CharterApp.swift */ = {isa = PBXFileReference; lastKnownFileType = sourcecode.swift; path = CharterApp.swift; sourceTree = "<group>"; };
		52F269D128500D2B0014FB16 /* StocksView.swift */ = {isa = PBXFileReference; lastKnownFileType = sourcecode.swift; path = StocksView.swift; sourceTree = "<group>"; };
		52F269D328500D310014FB16 /* Assets.xcassets */ = {isa = PBXFileReference; lastKnownFileType = folder.assetcatalog; path = Assets.xcassets; sourceTree = "<group>"; };
		52F269D628500D310014FB16 /* Preview Assets.xcassets */ = {isa = PBXFileReference; lastKnownFileType = folder.assetcatalog; path = "Preview Assets.xcassets"; sourceTree = "<group>"; };
/* End PBXFileReference section */

/* Begin PBXFrameworksBuildPhase section */
		52F269C928500D2B0014FB16 /* Frameworks */ = {
			isa = PBXFrameworksBuildPhase;
			buildActionMask = 2147483647;
			files = (
			);
			runOnlyForDeploymentPostprocessing = 0;
		};
/* End PBXFrameworksBuildPhase section */

/* Begin PBXGroup section */
		521C49962860B2A100AA661E /* Mocks */ = {
			isa = PBXGroup;
			children = (
				5222B7AE285F32D700B21781 /* mockAAPL.json */,
				521C49972860B2E800AA661E /* mockAMD.json */,
				521C49982860B2E800AA661E /* mockIBM.json */,
				521C49992860B2E800AA661E /* mockMSFT.json */,
			);
			path = Mocks;
			sourceTree = "<group>";
		};
		521C499F286111E500AA661E /* Annotations */ = {
			isa = PBXGroup;
			children = (
				521C499D2861111E00AA661E /* PriceAnnotation.swift */,
			);
			path = Annotations;
			sourceTree = "<group>";
		};
		52E552DE2854DA3C00CF4CC0 /* Charts */ = {
			isa = PBXGroup;
			children = (
				52E552DC2854CACD00CF4CC0 /* QuotesChart.swift */,
				52E552E52854EB0C00CF4CC0 /* PriceChart.swift */,
				521C499F286111E500AA661E /* Annotations */,
				52E552E42854E18C00CF4CC0 /* Marks */,
			);
			path = Charts;
			sourceTree = "<group>";
		};
		52E552DF2854DB2A00CF4CC0 /* Models */ = {
			isa = PBXGroup;
			children = (
				526185BE285224D900F2C9B4 /* QuotesResponse.swift */,
				52E552E02854DB4800CF4CC0 /* StockData.swift */,
				521C49962860B2A100AA661E /* Mocks */,
			);
			path = Models;
			sourceTree = "<group>";
		};
		52E552E42854E18C00CF4CC0 /* Marks */ = {
			isa = PBXGroup;
			children = (
				52E552E22854E18700CF4CC0 /* CandleStickMark.swift */,
			);
			path = Marks;
			sourceTree = "<group>";
		};
		52F269C328500D2B0014FB16 = {
			isa = PBXGroup;
			children = (
				52F269CE28500D2B0014FB16 /* Charter */,
				52F269CD28500D2B0014FB16 /* Products */,
			);
			sourceTree = "<group>";
		};
		52F269CD28500D2B0014FB16 /* Products */ = {
			isa = PBXGroup;
			children = (
				52F269CC28500D2B0014FB16 /* Charter.app */,
			);
			name = Products;
			sourceTree = "<group>";
		};
		52F269CE28500D2B0014FB16 /* Charter */ = {
			isa = PBXGroup;
			children = (
				52F269CF28500D2B0014FB16 /* CharterApp.swift */,
				52F269D128500D2B0014FB16 /* StocksView.swift */,
				52E552DE2854DA3C00CF4CC0 /* Charts */,
				52E552DF2854DB2A00CF4CC0 /* Models */,
				52F269D328500D310014FB16 /* Assets.xcassets */,
				52F269D528500D310014FB16 /* Preview Content */,
			);
			path = Charter;
			sourceTree = "<group>";
		};
		52F269D528500D310014FB16 /* Preview Content */ = {
			isa = PBXGroup;
			children = (
				52F269D628500D310014FB16 /* Preview Assets.xcassets */,
			);
			path = "Preview Content";
			sourceTree = "<group>";
		};
/* End PBXGroup section */

/* Begin PBXNativeTarget section */
		52F269CB28500D2B0014FB16 /* Charter */ = {
			isa = PBXNativeTarget;
			buildConfigurationList = 52F269DA28500D310014FB16 /* Build configuration list for PBXNativeTarget "Charter" */;
			buildPhases = (
				52F269C828500D2B0014FB16 /* Sources */,
				52F269C928500D2B0014FB16 /* Frameworks */,
				52F269CA28500D2B0014FB16 /* Resources */,
			);
			buildRules = (
			);
			dependencies = (
			);
			name = Charter;
			productName = Charter;
			productReference = 52F269CC28500D2B0014FB16 /* Charter.app */;
			productType = "com.apple.product-type.application";
		};
/* End PBXNativeTarget section */

/* Begin PBXProject section */
		52F269C428500D2B0014FB16 /* Project object */ = {
			isa = PBXProject;
			attributes = {
				BuildIndependentTargetsInParallel = 1;
				LastSwiftUpdateCheck = 1400;
				LastUpgradeCheck = 1400;
				TargetAttributes = {
					52F269CB28500D2B0014FB16 = {
						CreatedOnToolsVersion = 14.0;
					};
				};
			};
			buildConfigurationList = 52F269C728500D2B0014FB16 /* Build configuration list for PBXProject "Charter" */;
			compatibilityVersion = "Xcode 14.0";
			developmentRegion = en;
			hasScannedForEncodings = 0;
			knownRegions = (
				en,
				Base,
			);
			mainGroup = 52F269C328500D2B0014FB16;
			productRefGroup = 52F269CD28500D2B0014FB16 /* Products */;
			projectDirPath = "";
			projectRoot = "";
			targets = (
				52F269CB28500D2B0014FB16 /* Charter */,
			);
		};
/* End PBXProject section */

/* Begin PBXResourcesBuildPhase section */
		52F269CA28500D2B0014FB16 /* Resources */ = {
			isa = PBXResourcesBuildPhase;
			buildActionMask = 2147483647;
			files = (
				521C499A2860B2E800AA661E /* mockAMD.json in Resources */,
				52F269D728500D310014FB16 /* Preview Assets.xcassets in Resources */,
				5222B7AF285F32D700B21781 /* mockAAPL.json in Resources */,
				521C499C2860B2E800AA661E /* mockMSFT.json in Resources */,
				52F269D428500D310014FB16 /* Assets.xcassets in Resources */,
				521C499B2860B2E800AA661E /* mockIBM.json in Resources */,
			);
			runOnlyForDeploymentPostprocessing = 0;
		};
/* End PBXResourcesBuildPhase section */

/* Begin PBXSourcesBuildPhase section */
		52F269C828500D2B0014FB16 /* Sources */ = {
			isa = PBXSourcesBuildPhase;
			buildActionMask = 2147483647;
			files = (
				52F269D228500D2B0014FB16 /* StocksView.swift in Sources */,
				52E552E62854EB0C00CF4CC0 /* PriceChart.swift in Sources */,
				521C499E2861111E00AA661E /* PriceAnnotation.swift in Sources */,
				52E552E32854E18700CF4CC0 /* CandleStickMark.swift in Sources */,
				52E552E12854DB4800CF4CC0 /* StockData.swift in Sources */,
				52E552DD2854CACD00CF4CC0 /* QuotesChart.swift in Sources */,
				52F269D028500D2B0014FB16 /* CharterApp.swift in Sources */,
				526185BF285224D900F2C9B4 /* QuotesResponse.swift in Sources */,
			);
			runOnlyForDeploymentPostprocessing = 0;
		};
/* End PBXSourcesBuildPhase section */

/* Begin XCBuildConfiguration section */
		52F269D828500D310014FB16 /* Debug */ = {
			isa = XCBuildConfiguration;
			buildSettings = {
				ALWAYS_SEARCH_USER_PATHS = NO;
				CLANG_ANALYZER_NONNULL = YES;
				CLANG_ANALYZER_NUMBER_OBJECT_CONVERSION = YES_AGGRESSIVE;
				CLANG_CXX_LANGUAGE_STANDARD = "gnu++17";
				CLANG_ENABLE_MODULES = YES;
				CLANG_ENABLE_OBJC_ARC = YES;
				CLANG_ENABLE_OBJC_WEAK = YES;
				CLANG_WARN_BLOCK_CAPTURE_AUTORELEASING = YES;
				CLANG_WARN_BOOL_CONVERSION = YES;
				CLANG_WARN_COMMA = YES;
				CLANG_WARN_CONSTANT_CONVERSION = YES;
				CLANG_WARN_DEPRECATED_OBJC_IMPLEMENTATIONS = YES;
				CLANG_WARN_DIRECT_OBJC_ISA_USAGE = YES_ERROR;
				CLANG_WARN_DOCUMENTATION_COMMENTS = YES;
				CLANG_WARN_EMPTY_BODY = YES;
				CLANG_WARN_ENUM_CONVERSION = YES;
				CLANG_WARN_INFINITE_RECURSION = YES;
				CLANG_WARN_INT_CONVERSION = YES;
				CLANG_WARN_NON_LITERAL_NULL_CONVERSION = YES;
				CLANG_WARN_OBJC_IMPLICIT_RETAIN_SELF = YES;
				CLANG_WARN_OBJC_LITERAL_CONVERSION = YES;
				CLANG_WARN_OBJC_ROOT_CLASS = YES_ERROR;
				CLANG_WARN_QUOTED_INCLUDE_IN_FRAMEWORK_HEADER = YES;
				CLANG_WARN_RANGE_LOOP_ANALYSIS = YES;
				CLANG_WARN_STRICT_PROTOTYPES = YES;
				CLANG_WARN_SUSPICIOUS_MOVE = YES;
				CLANG_WARN_UNGUARDED_AVAILABILITY = YES_AGGRESSIVE;
				CLANG_WARN_UNREACHABLE_CODE = YES;
				CLANG_WARN__DUPLICATE_METHOD_MATCH = YES;
				COPY_PHASE_STRIP = NO;
				DEBUG_INFORMATION_FORMAT = dwarf;
				ENABLE_STRICT_OBJC_MSGSEND = YES;
				ENABLE_TESTABILITY = YES;
				GCC_C_LANGUAGE_STANDARD = gnu11;
				GCC_DYNAMIC_NO_PIC = NO;
				GCC_NO_COMMON_BLOCKS = YES;
				GCC_OPTIMIZATION_LEVEL = 0;
				GCC_PREPROCESSOR_DEFINITIONS = (
					"DEBUG=1",
					"$(inherited)",
				);
				GCC_WARN_64_TO_32_BIT_CONVERSION = YES;
				GCC_WARN_ABOUT_RETURN_TYPE = YES_ERROR;
				GCC_WARN_UNDECLARED_SELECTOR = YES;
				GCC_WARN_UNINITIALIZED_AUTOS = YES_AGGRESSIVE;
				GCC_WARN_UNUSED_FUNCTION = YES;
				GCC_WARN_UNUSED_VARIABLE = YES;
				IPHONEOS_DEPLOYMENT_TARGET = 16.0;
				MTL_ENABLE_DEBUG_INFO = INCLUDE_SOURCE;
				MTL_FAST_MATH = YES;
				ONLY_ACTIVE_ARCH = YES;
				SDKROOT = iphoneos;
				SWIFT_ACTIVE_COMPILATION_CONDITIONS = DEBUG;
				SWIFT_OPTIMIZATION_LEVEL = "-Onone";
			};
			name = Debug;
		};
		52F269D928500D310014FB16 /* Release */ = {
			isa = XCBuildConfiguration;
			buildSettings = {
				ALWAYS_SEARCH_USER_PATHS = NO;
				CLANG_ANALYZER_NONNULL = YES;
				CLANG_ANALYZER_NUMBER_OBJECT_CONVERSION = YES_AGGRESSIVE;
				CLANG_CXX_LANGUAGE_STANDARD = "gnu++17";
				CLANG_ENABLE_MODULES = YES;
				CLANG_ENABLE_OBJC_ARC = YES;
				CLANG_ENABLE_OBJC_WEAK = YES;
				CLANG_WARN_BLOCK_CAPTURE_AUTORELEASING = YES;
				CLANG_WARN_BOOL_CONVERSION = YES;
				CLANG_WARN_COMMA = YES;
				CLANG_WARN_CONSTANT_CONVERSION = YES;
				CLANG_WARN_DEPRECATED_OBJC_IMPLEMENTATIONS = YES;
				CLANG_WARN_DIRECT_OBJC_ISA_USAGE = YES_ERROR;
				CLANG_WARN_DOCUMENTATION_COMMENTS = YES;
				CLANG_WARN_EMPTY_BODY = YES;
				CLANG_WARN_ENUM_CONVERSION = YES;
				CLANG_WARN_INFINITE_RECURSION = YES;
				CLANG_WARN_INT_CONVERSION = YES;
				CLANG_WARN_NON_LITERAL_NULL_CONVERSION = YES;
				CLANG_WARN_OBJC_IMPLICIT_RETAIN_SELF = YES;
				CLANG_WARN_OBJC_LITERAL_CONVERSION = YES;
				CLANG_WARN_OBJC_ROOT_CLASS = YES_ERROR;
				CLANG_WARN_QUOTED_INCLUDE_IN_FRAMEWORK_HEADER = YES;
				CLANG_WARN_RANGE_LOOP_ANALYSIS = YES;
				CLANG_WARN_STRICT_PROTOTYPES = YES;
				CLANG_WARN_SUSPICIOUS_MOVE = YES;
				CLANG_WARN_UNGUARDED_AVAILABILITY = YES_AGGRESSIVE;
				CLANG_WARN_UNREACHABLE_CODE = YES;
				CLANG_WARN__DUPLICATE_METHOD_MATCH = YES;
				COPY_PHASE_STRIP = NO;
				DEBUG_INFORMATION_FORMAT = "dwarf-with-dsym";
				ENABLE_NS_ASSERTIONS = NO;
				ENABLE_STRICT_OBJC_MSGSEND = YES;
				GCC_C_LANGUAGE_STANDARD = gnu11;
				GCC_NO_COMMON_BLOCKS = YES;
				GCC_WARN_64_TO_32_BIT_CONVERSION = YES;
				GCC_WARN_ABOUT_RETURN_TYPE = YES_ERROR;
				GCC_WARN_UNDECLARED_SELECTOR = YES;
				GCC_WARN_UNINITIALIZED_AUTOS = YES_AGGRESSIVE;
				GCC_WARN_UNUSED_FUNCTION = YES;
				GCC_WARN_UNUSED_VARIABLE = YES;
				IPHONEOS_DEPLOYMENT_TARGET = 16.0;
				MTL_ENABLE_DEBUG_INFO = NO;
				MTL_FAST_MATH = YES;
				SDKROOT = iphoneos;
				SWIFT_COMPILATION_MODE = wholemodule;
				SWIFT_OPTIMIZATION_LEVEL = "-O";
				VALIDATE_PRODUCT = YES;
			};
			name = Release;
		};
		52F269DB28500D310014FB16 /* Debug */ = {
			isa = XCBuildConfiguration;
			buildSettings = {
				ASSETCATALOG_COMPILER_APPICON_NAME = AppIcon;
				ASSETCATALOG_COMPILER_GLOBAL_ACCENT_COLOR_NAME = AccentColor;
				CODE_SIGN_STYLE = Automatic;
				CURRENT_PROJECT_VERSION = 1;
				DEVELOPMENT_ASSET_PATHS = "\"Charter/Preview Content\"";
				DEVELOPMENT_TEAM = 39UYTBG4RA;
				ENABLE_PREVIEWS = YES;
				GENERATE_INFOPLIST_FILE = YES;
				INFOPLIST_KEY_UIApplicationSceneManifest_Generation = YES;
				INFOPLIST_KEY_UIApplicationSupportsIndirectInputEvents = YES;
				INFOPLIST_KEY_UILaunchScreen_Generation = YES;
				INFOPLIST_KEY_UISupportedInterfaceOrientations_iPad = "UIInterfaceOrientationPortrait UIInterfaceOrientationPortraitUpsideDown UIInterfaceOrientationLandscapeLeft UIInterfaceOrientationLandscapeRight";
				INFOPLIST_KEY_UISupportedInterfaceOrientations_iPhone = "UIInterfaceOrientationPortrait UIInterfaceOrientationLandscapeLeft UIInterfaceOrientationLandscapeRight";
				LD_RUNPATH_SEARCH_PATHS = (
					"$(inherited)",
					"@executable_path/Frameworks",
				);
				MARKETING_VERSION = 1.0;
				PRODUCT_BUNDLE_IDENTIFIER = com.tomholmes.Charter;
				PRODUCT_NAME = "$(TARGET_NAME)";
				SWIFT_EMIT_LOC_STRINGS = YES;
				SWIFT_VERSION = 5.0;
				TARGETED_DEVICE_FAMILY = "1,2";
			};
			name = Debug;
		};
		52F269DC28500D310014FB16 /* Release */ = {
			isa = XCBuildConfiguration;
			buildSettings = {
				ASSETCATALOG_COMPILER_APPICON_NAME = AppIcon;
				ASSETCATALOG_COMPILER_GLOBAL_ACCENT_COLOR_NAME = AccentColor;
				CODE_SIGN_STYLE = Automatic;
				CURRENT_PROJECT_VERSION = 1;
				DEVELOPMENT_ASSET_PATHS = "\"Charter/Preview Content\"";
				DEVELOPMENT_TEAM = 39UYTBG4RA;
				ENABLE_PREVIEWS = YES;
				GENERATE_INFOPLIST_FILE = YES;
				INFOPLIST_KEY_UIApplicationSceneManifest_Generation = YES;
				INFOPLIST_KEY_UIApplicationSupportsIndirectInputEvents = YES;
				INFOPLIST_KEY_UILaunchScreen_Generation = YES;
				INFOPLIST_KEY_UISupportedInterfaceOrientations_iPad = "UIInterfaceOrientationPortrait UIInterfaceOrientationPortraitUpsideDown UIInterfaceOrientationLandscapeLeft UIInterfaceOrientationLandscapeRight";
				INFOPLIST_KEY_UISupportedInterfaceOrientations_iPhone = "UIInterfaceOrientationPortrait UIInterfaceOrientationLandscapeLeft UIInterfaceOrientationLandscapeRight";
				LD_RUNPATH_SEARCH_PATHS = (
					"$(inherited)",
					"@executable_path/Frameworks",
				);
				MARKETING_VERSION = 1.0;
				PRODUCT_BUNDLE_IDENTIFIER = com.tomholmes.Charter;
				PRODUCT_NAME = "$(TARGET_NAME)";
				SWIFT_EMIT_LOC_STRINGS = YES;
				SWIFT_VERSION = 5.0;
				TARGETED_DEVICE_FAMILY = "1,2";
			};
			name = Release;
		};
/* End XCBuildConfiguration section */

/* Begin XCConfigurationList section */
		52F269C728500D2B0014FB16 /* Build configuration list for PBXProject "Charter" */ = {
			isa = XCConfigurationList;
			buildConfigurations = (
				52F269D828500D310014FB16 /* Debug */,
				52F269D928500D310014FB16 /* Release */,
			);
			defaultConfigurationIsVisible = 0;
			defaultConfigurationName = Release;
		};
		52F269DA28500D310014FB16 /* Build configuration list for PBXNativeTarget "Charter" */ = {
			isa = XCConfigurationList;
			buildConfigurations = (
				52F269DB28500D310014FB16 /* Debug */,
				52F269DC28500D310014FB16 /* Release */,
			);
			defaultConfigurationIsVisible = 0;
			defaultConfigurationName = Release;
		};
/* End XCConfigurationList section */
	};
	rootObject = 52F269C428500D2B0014FB16 /* Project object */;
}
